
Microsoft Visual Studio Solution File, Format Version 12.00
# Visual Studio Version 17
VisualStudioVersion = 17.11.35219.272
MinimumVisualStudioVersion = 10.0.40219.1
Project("{FAE04EC0-301F-11D3-BF4B-00C04F79EFBC}") = "RockPaperScissorsWindow", "RockPaperScissorsWindow\RockPaperScissorsWindow.csproj", "{B9B0C54A-9870-46C7-9DB2-F2D0CD2D23D3}"
EndProject
Global
	GlobalSection(SolutionConfigurationPlatforms) = preSolution
		Debug|Any CPU = Debug|Any CPU
		Release|Any CPU = Release|Any CPU
	EndGlobalSection
	GlobalSection(ProjectConfigurationPlatforms) = postSolution
		{B9B0C54A-9870-46C7-9DB2-F2D0CD2D23D3}.Debug|Any CPU.ActiveCfg = Debug|Any CPU
		{B9B0C54A-9870-46C7-9DB2-F2D0CD2D23D3}.Debug|Any CPU.Build.0 = Debug|Any CPU
		{B9B0C54A-9870-46C7-9DB2-F2D0CD2D23D3}.Release|Any CPU.ActiveCfg = Release|Any CPU
		{B9B0C54A-9870-46C7-9DB2-F2D0CD2D23D3}.Release|Any CPU.Build.0 = Release|Any CPU
	EndGlobalSection
	GlobalSection(SolutionProperties) = preSolution
		HideSolutionNode = FALSE
	EndGlobalSection
	GlobalSection(ExtensibilityGlobals) = postSolution
		SolutionGuid = {CC0BCF4E-69ED-4EAB-A579-A493EF516E6F}
	EndGlobalSection
EndGlobal
